
Microsoft Visual Studio Solution File, Format Version 12.00
# Visual Studio Version 17
VisualStudioVersion = 17.7.34221.43
MinimumVisualStudioVersion = 10.0.40219.1
Project("{9A19103F-16F7-4668-BE54-9A1E7A4F7556}") = "InterfaceOperatorTask", "forPractice\InterfaceOperatorTask.csproj", "{02647AB6-E7CA-4B67-BD46-7ADFA0D65FC2}"
EndProject
Project("{9A19103F-16F7-4668-BE54-9A1E7A4F7556}") = "Utils", "Utils\Utils.csproj", "{D1EFB63F-2F32-409E-B7B0-F1E3A053A41D}"
EndProject
Global
	GlobalSection(SolutionConfigurationPlatforms) = preSolution
		Debug|Any CPU = Debug|Any CPU
		Release|Any CPU = Release|Any CPU
	EndGlobalSection
	GlobalSection(ProjectConfigurationPlatforms) = postSolution
		{02647AB6-E7CA-4B67-BD46-7ADFA0D65FC2}.Debug|Any CPU.ActiveCfg = Debug|Any CPU
		{02647AB6-E7CA-4B67-BD46-7ADFA0D65FC2}.Debug|Any CPU.Build.0 = Debug|Any CPU
		{02647AB6-E7CA-4B67-BD46-7ADFA0D65FC2}.Release|Any CPU.ActiveCfg = Release|Any CPU
		{02647AB6-E7CA-4B67-BD46-7ADFA0D65FC2}.Release|Any CPU.Build.0 = Release|Any CPU
		{D1EFB63F-2F32-409E-B7B0-F1E3A053A41D}.Debug|Any CPU.ActiveCfg = Debug|Any CPU
		{D1EFB63F-2F32-409E-B7B0-F1E3A053A41D}.Debug|Any CPU.Build.0 = Debug|Any CPU
		{D1EFB63F-2F32-409E-B7B0-F1E3A053A41D}.Release|Any CPU.ActiveCfg = Release|Any CPU
		{D1EFB63F-2F32-409E-B7B0-F1E3A053A41D}.Release|Any CPU.Build.0 = Release|Any CPU
	EndGlobalSection
	GlobalSection(SolutionProperties) = preSolution
		HideSolutionNode = FALSE
	EndGlobalSection
	GlobalSection(ExtensibilityGlobals) = postSolution
		SolutionGuid = {42A20905-7BD6-4474-B01C-C1AD89D5DB6A}
	EndGlobalSection
EndGlobal
